[[package]]
name = "colorama"
version = "0.4.5"
description = "Cross-platform colored terminal text."
category = "main"
optional = false
python-versions = ">=2.7, !=3.0.*, !=3.1.*, !=3.2.*, !=3.3.*, !=3.4.*"

[[package]]
name = "jinja2"
version = "3.1.2"
description = "A very fast and expressive template engine."
category = "main"
optional = false
python-versions = ">=3.7"

[package.dependencies]
MarkupSafe = ">=2.0"

[package.extras]
i18n = ["Babel (>=2.7)"]

[[package]]
name = "markupsafe"
version = "2.1.1"
description = "Safely add untrusted strings to HTML/XML markup."
category = "main"
optional = false
python-versions = ">=3.7"

[[package]]
name = "pyproject"
version = "1.3.1"
description = "Tool for creating new python packages"
category = "main"
optional = false
python-versions = "*"

[package.dependencies]
Jinja2 = "*"

[[package]]
name = "pyserial"
version = "3.5"
description = "Python Serial Port Extension"
category = "main"
optional = false
python-versions = "*"

[package.extras]
cp2110 = ["hidapi"]

[[package]]
name = "pyservos"
version = "2.1.0"
description = "Yet another dynamixel python driver"
category = "main"
optional = false
python-versions = ">=3.6"

[package.dependencies]
colorama = "*"
pyserial = "*"

[metadata]
lock-version = "1.1"
python-versions = "^3.8"
content-hash = "a37c946c66f3ebd853a3887e0bdc37585ccbd4d76917da5d303d1653e5141246"

[metadata.files]
colorama = []
jinja2 = []
markupsafe = []
pyproject = []
pyserial = []
pyservos = []
